{
  "object": {
    "pins": [
      {
        "package": "FocusEntity",
        "repositoryURL": "https://github.com/maxxfrazer/FocusEntity.git",
        "state": {
          "branch": null,
          "revision": "cf36b43d9a6ced6f572d6c60a3e3b825a20a210b",
          "version": "2.0.1"
        }
      }
    ]
  },
  "version": 1
}
